
Microsoft Visual Studio Solution File, Format Version 12.00
# Visual Studio 15
VisualStudioVersion = 15.0.28010.2041
MinimumVisualStudioVersion = 10.0.40219.1
Project("{8BC9CEB8-8B4A-11D0-8D11-00A0C91BC942}") = "glfwcpp", "glfwcpp\glfwcpp.vcxproj", "{7AD9A0F4-AB78-43B6-A4EC-416A4329A8A5}"
	ProjectSection(ProjectDependencies) = postProject
		{B5DC5F1D-BE67-4E93-BCF9-D8380C1F77BA} = {B5DC5F1D-BE67-4E93-BCF9-D8380C1F77BA}
	EndProjectSection
EndProject
Project("{8BC9CEB8-8B4A-11D0-8D11-00A0C91BC942}") = "instancedCubes", "instancedCubes\instancedCubes.vcxproj", "{B6AA7BB3-5EA1-4C50-9E56-7DF9D8BD243E}"
	ProjectSection(ProjectDependencies) = postProject
		{7AD9A0F4-AB78-43B6-A4EC-416A4329A8A5} = {7AD9A0F4-AB78-43B6-A4EC-416A4329A8A5}
	EndProjectSection
EndProject
Project("{8BC9CEB8-8B4A-11D0-8D11-00A0C91BC942}") = "simpleTexture", "simpleTexture\simpleTexture.vcxproj", "{8498E53D-BE2D-4ECE-A8A3-8F526615151E}"
	ProjectSection(ProjectDependencies) = postProject
		{7AD9A0F4-AB78-43B6-A4EC-416A4329A8A5} = {7AD9A0F4-AB78-43B6-A4EC-416A4329A8A5}
	EndProjectSection
EndProject
Project("{8BC9CEB8-8B4A-11D0-8D11-00A0C91BC942}") = "oglLimitsAndSettings", "oglLimitsAndSettings\oglLimitsAndSettings.vcxproj", "{B5DC5F1D-BE67-4E93-BCF9-D8380C1F77BA}"
EndProject
Project("{8BC9CEB8-8B4A-11D0-8D11-00A0C91BC942}") = "printOpenGLlimits", "printOpenGLlimits\printOpenGLlimits.vcxproj", "{14DA9878-CA79-4828-957A-E32E79162512}"
	ProjectSection(ProjectDependencies) = postProject
		{B5DC5F1D-BE67-4E93-BCF9-D8380C1F77BA} = {B5DC5F1D-BE67-4E93-BCF9-D8380C1F77BA}
	EndProjectSection
EndProject
Project("{2150E333-8FDC-42A3-9474-1A3956D46DE8}") = "Solution Items", "Solution Items", "{607DBEAD-046A-4BD0-9213-C32ECD6E95BA}"
	ProjectSection(SolutionItems) = preProject
		LICENSE.txt = LICENSE.txt
		README.md = README.md
	EndProjectSection
EndProject
Global
	GlobalSection(SolutionConfigurationPlatforms) = preSolution
		Debug|x64 = Debug|x64
		Debug|x86 = Debug|x86
		Release|x64 = Release|x64
		Release|x86 = Release|x86
	EndGlobalSection
	GlobalSection(ProjectConfigurationPlatforms) = postSolution
		{7AD9A0F4-AB78-43B6-A4EC-416A4329A8A5}.Debug|x64.ActiveCfg = Debug|x64
		{7AD9A0F4-AB78-43B6-A4EC-416A4329A8A5}.Debug|x64.Build.0 = Debug|x64
		{7AD9A0F4-AB78-43B6-A4EC-416A4329A8A5}.Debug|x86.ActiveCfg = Debug|x64
		{7AD9A0F4-AB78-43B6-A4EC-416A4329A8A5}.Debug|x86.Build.0 = Debug|x64
		{7AD9A0F4-AB78-43B6-A4EC-416A4329A8A5}.Release|x64.ActiveCfg = Debug|x64
		{7AD9A0F4-AB78-43B6-A4EC-416A4329A8A5}.Release|x64.Build.0 = Debug|x64
		{7AD9A0F4-AB78-43B6-A4EC-416A4329A8A5}.Release|x86.ActiveCfg = Debug|x64
		{7AD9A0F4-AB78-43B6-A4EC-416A4329A8A5}.Release|x86.Build.0 = Debug|x64
		{B6AA7BB3-5EA1-4C50-9E56-7DF9D8BD243E}.Debug|x64.ActiveCfg = Debug|x64
		{B6AA7BB3-5EA1-4C50-9E56-7DF9D8BD243E}.Debug|x64.Build.0 = Debug|x64
		{B6AA7BB3-5EA1-4C50-9E56-7DF9D8BD243E}.Debug|x86.ActiveCfg = Debug|x64
		{B6AA7BB3-5EA1-4C50-9E56-7DF9D8BD243E}.Debug|x86.Build.0 = Debug|x64
		{B6AA7BB3-5EA1-4C50-9E56-7DF9D8BD243E}.Release|x64.ActiveCfg = Debug|x64
		{B6AA7BB3-5EA1-4C50-9E56-7DF9D8BD243E}.Release|x64.Build.0 = Debug|x64
		{B6AA7BB3-5EA1-4C50-9E56-7DF9D8BD243E}.Release|x86.ActiveCfg = Debug|x64
		{B6AA7BB3-5EA1-4C50-9E56-7DF9D8BD243E}.Release|x86.Build.0 = Debug|x64
		{8498E53D-BE2D-4ECE-A8A3-8F526615151E}.Debug|x64.ActiveCfg = Debug|x64
		{8498E53D-BE2D-4ECE-A8A3-8F526615151E}.Debug|x64.Build.0 = Debug|x64
		{8498E53D-BE2D-4ECE-A8A3-8F526615151E}.Debug|x86.ActiveCfg = Debug|x64
		{8498E53D-BE2D-4ECE-A8A3-8F526615151E}.Debug|x86.Build.0 = Debug|x64
		{8498E53D-BE2D-4ECE-A8A3-8F526615151E}.Release|x64.ActiveCfg = Debug|x64
		{8498E53D-BE2D-4ECE-A8A3-8F526615151E}.Release|x64.Build.0 = Debug|x64
		{8498E53D-BE2D-4ECE-A8A3-8F526615151E}.Release|x86.ActiveCfg = Debug|x64
		{8498E53D-BE2D-4ECE-A8A3-8F526615151E}.Release|x86.Build.0 = Debug|x64
		{B5DC5F1D-BE67-4E93-BCF9-D8380C1F77BA}.Debug|x64.ActiveCfg = Debug|x64
		{B5DC5F1D-BE67-4E93-BCF9-D8380C1F77BA}.Debug|x64.Build.0 = Debug|x64
		{B5DC5F1D-BE67-4E93-BCF9-D8380C1F77BA}.Debug|x86.ActiveCfg = Debug|x64
		{B5DC5F1D-BE67-4E93-BCF9-D8380C1F77BA}.Debug|x86.Build.0 = Debug|x64
		{B5DC5F1D-BE67-4E93-BCF9-D8380C1F77BA}.Release|x64.ActiveCfg = Debug|x64
		{B5DC5F1D-BE67-4E93-BCF9-D8380C1F77BA}.Release|x64.Build.0 = Debug|x64
		{B5DC5F1D-BE67-4E93-BCF9-D8380C1F77BA}.Release|x86.ActiveCfg = Debug|x64
		{B5DC5F1D-BE67-4E93-BCF9-D8380C1F77BA}.Release|x86.Build.0 = Debug|x64
		{14DA9878-CA79-4828-957A-E32E79162512}.Debug|x64.ActiveCfg = Debug|x64
		{14DA9878-CA79-4828-957A-E32E79162512}.Debug|x64.Build.0 = Debug|x64
		{14DA9878-CA79-4828-957A-E32E79162512}.Debug|x86.ActiveCfg = Debug|x64
		{14DA9878-CA79-4828-957A-E32E79162512}.Debug|x86.Build.0 = Debug|x64
		{14DA9878-CA79-4828-957A-E32E79162512}.Release|x64.ActiveCfg = Debug|x64
		{14DA9878-CA79-4828-957A-E32E79162512}.Release|x64.Build.0 = Debug|x64
		{14DA9878-CA79-4828-957A-E32E79162512}.Release|x86.ActiveCfg = Debug|x64
		{14DA9878-CA79-4828-957A-E32E79162512}.Release|x86.Build.0 = Debug|x64
	EndGlobalSection
	GlobalSection(SolutionProperties) = preSolution
		HideSolutionNode = FALSE
	EndGlobalSection
	GlobalSection(ExtensibilityGlobals) = postSolution
		SolutionGuid = {E9AE8682-A2B9-4FCE-9444-0572C7B5CF0A}
	EndGlobalSection
EndGlobal
